{
  "nodes": {
    "bling": {
      "flake": false,
      "locked": {
        "lastModified": 1717332532,
        "narHash": "sha256-6NZSUb7sSBUegSIPIubQUOZG3knzXfnyfEbCoEyggtc=",
        "owner": "BlingCorp",
        "repo": "bling",
        "rev": "19ccfc0daf5edda8bbc508487616d00277a9d954",
        "type": "github"
      },
      "original": {
        "owner": "BlingCorp",
        "repo": "bling",
        "type": "github"
      }
    },
    "home-manager": {
      "inputs": {
        "nixpkgs": [
          "nixpkgs"
        ]
      },
      "locked": {
        "lastModified": 1725703823,
        "narHash": "sha256-tDgM4d8mLK0Hd6YMB2w1BqMto1XBXADOzPEaLl10VI4=",
        "owner": "nix-community",
        "repo": "home-manager",
        "rev": "208df2e558b73b6a1f0faec98493cb59a25f62ba",
        "type": "github"
      },
      "original": {
        "owner": "nix-community",
        "ref": "release-24.05",
        "repo": "home-manager",
        "type": "github"
      }
    },
    "lain": {
      "flake": false,
      "locked": {
        "lastModified": 1673554968,
        "narHash": "sha256-MH/aiYfcO3lrcuNbnIu4QHqPq25LwzTprOhEJUJBJ7I=",
        "owner": "lcpz",
        "repo": "lain",
        "rev": "88f5a8abd2649b348ffec433a24a263b37f122c0",
        "type": "github"
      },
      "original": {
        "owner": "lcpz",
        "repo": "lain",
        "type": "github"
      }
    },
    "nixpkgs": {
      "locked": {
        "lastModified": 1725693463,
        "narHash": "sha256-ZPzhebbWBOr0zRWW10FfqfbJlan3G96/h3uqhiFqmwg=",
        "owner": "nixos",
        "repo": "nixpkgs",
        "rev": "68e7dce0a6532e876980764167ad158174402c6f",
        "type": "github"
      },
      "original": {
        "owner": "nixos",
        "ref": "nixos-24.05",
        "repo": "nixpkgs",
        "type": "github"
      }
    },
    "nixpkgs-stable": {
      "locked": {
        "lastModified": 1725762081,
        "narHash": "sha256-vNv+aJUW5/YurRy1ocfvs4q/48yVESwlC/yHzjkZSP8=",
        "owner": "NixOS",
        "repo": "nixpkgs",
        "rev": "dc454045f5b5d814e5862a6d057e7bb5c29edc05",
        "type": "github"
      },
      "original": {
        "owner": "NixOS",
        "ref": "release-24.05",
        "repo": "nixpkgs",
        "type": "github"
      }
    },
    "nixpkgs-unstable": {
      "locked": {
        "lastModified": 1725634671,
        "narHash": "sha256-v3rIhsJBOMLR8e/RNWxr828tB+WywYIoajrZKFM+0Gg=",
        "owner": "nixos",
        "repo": "nixpkgs",
        "rev": "574d1eac1c200690e27b8eb4e24887f8df7ac27c",
        "type": "github"
      },
      "original": {
        "owner": "nixos",
        "ref": "nixos-unstable",
        "repo": "nixpkgs",
        "type": "github"
      }
    },
    "nixpkgs_2": {
      "locked": {
        "lastModified": 1725534445,
        "narHash": "sha256-Yd0FK9SkWy+ZPuNqUgmVPXokxDgMJoGuNpMEtkfcf84=",
        "owner": "NixOS",
        "repo": "nixpkgs",
        "rev": "9bb1e7571aadf31ddb4af77fc64b2d59580f9a39",
        "type": "github"
      },
      "original": {
        "owner": "NixOS",
        "ref": "nixpkgs-unstable",
        "repo": "nixpkgs",
        "type": "github"
      }
    },
    "root": {
      "inputs": {
        "bling": "bling",
        "home-manager": "home-manager",
        "lain": "lain",
        "nixpkgs": "nixpkgs",
        "nixpkgs-unstable": "nixpkgs-unstable",
        "rubato": "rubato",
        "sops-nix": "sops-nix"
      }
    },
    "rubato": {
      "flake": false,
      "locked": {
        "lastModified": 1695847712,
        "narHash": "sha256-AvHOUXWZFJNmstjQsmIcW24pgHE0r0mCyL7Jz2q3jU8=",
        "owner": "andOrlando",
        "repo": "rubato",
        "rev": "8a3737b7af4c9dc40c53d700118333d36541d4d3",
        "type": "github"
      },
      "original": {
        "owner": "andOrlando",
        "repo": "rubato",
        "type": "github"
      }
    },
    "sops-nix": {
      "inputs": {
        "nixpkgs": "nixpkgs_2",
        "nixpkgs-stable": "nixpkgs-stable"
      },
      "locked": {
        "lastModified": 1725765163,
        "narHash": "sha256-rfd2c47iVSFI6bRYy5l8wRijRBaYDeU7dM8XCDUGqlA=",
        "owner": "Mic92",
        "repo": "sops-nix",
        "rev": "b68757cd2c3fa66d6ccaa0d046ce42a9324e0070",
        "type": "github"
      },
      "original": {
        "owner": "Mic92",
        "repo": "sops-nix",
        "type": "github"
      }
    }
  },
  "root": "root",
  "version": 7
}
